
Microsoft Visual Studio Solution File, Format Version 12.00
# Visual Studio Version 16
VisualStudioVersion = 16.0.30002.166
MinimumVisualStudioVersion = 10.0.40219.1
Project("{FAE04EC0-301F-11D3-BF4B-00C04F79EFBC}") = "WjfWebService", "WjfWebService\WjfWebService.csproj", "{6DAC8EC4-846D-4546-8979-41F8306BEA22}"
EndProject
Global
	GlobalSection(SolutionConfigurationPlatforms) = preSolution
		Debug|Any CPU = Debug|Any CPU
		Release|Any CPU = Release|Any CPU
	EndGlobalSection
	GlobalSection(ProjectConfigurationPlatforms) = postSolution
		{6DAC8EC4-846D-4546-8979-41F8306BEA22}.Debug|Any CPU.ActiveCfg = Debug|Any CPU
		{6DAC8EC4-846D-4546-8979-41F8306BEA22}.Debug|Any CPU.Build.0 = Debug|Any CPU
		{6DAC8EC4-846D-4546-8979-41F8306BEA22}.Release|Any CPU.ActiveCfg = Release|Any CPU
		{6DAC8EC4-846D-4546-8979-41F8306BEA22}.Release|Any CPU.Build.0 = Release|Any CPU
	EndGlobalSection
	GlobalSection(SolutionProperties) = preSolution
		HideSolutionNode = FALSE
	EndGlobalSection
	GlobalSection(ExtensibilityGlobals) = postSolution
		SolutionGuid = {439EB679-9808-4AC7-9D99-8B11B94155FC}
	EndGlobalSection
EndGlobal
